
Microsoft Visual Studio Solution File, Format Version 12.00
# Visual Studio Version 16
VisualStudioVersion = 16.0.30517.126
MinimumVisualStudioVersion = 10.0.40219.1
Project("{FAE04EC0-301F-11D3-BF4B-00C04F79EFBC}") = "HelloWorld", "HelloWorld.csproj", "{56F57017-5CAD-48A6-895E-E925600751B0}"
EndProject
Global
	GlobalSection(SolutionConfigurationPlatforms) = preSolution
		Debug|Any CPU = Debug|Any CPU
		Release|Any CPU = Release|Any CPU
	EndGlobalSection
	GlobalSection(ProjectConfigurationPlatforms) = postSolution
		{56F57017-5CAD-48A6-895E-E925600751B0}.Debug|Any CPU.ActiveCfg = Debug|Any CPU
		{56F57017-5CAD-48A6-895E-E925600751B0}.Debug|Any CPU.Build.0 = Debug|Any CPU
		{56F57017-5CAD-48A6-895E-E925600751B0}.Release|Any CPU.ActiveCfg = Release|Any CPU
		{56F57017-5CAD-48A6-895E-E925600751B0}.Release|Any CPU.Build.0 = Release|Any CPU
	EndGlobalSection
	GlobalSection(SolutionProperties) = preSolution
		HideSolutionNode = FALSE
	EndGlobalSection
	GlobalSection(ExtensibilityGlobals) = postSolution
		SolutionGuid = {DE0ACDDB-1723-494B-BB53-94F8FF3349A7}
	EndGlobalSection
EndGlobal
